<?xml version="1.0" encoding="utf-8"?>
<Project ToolsVersion="4.0" xmlns="http://schemas.microsoft.com/developer/msbuild/2003">
  <ItemGroup>
    <Filter Include="Archivos de origen">
      <UniqueIdentifier>{4FC737F1-C7A5-4376-A066-2A32D752A2FF}</UniqueIdentifier>
      <Extensions>cpp;c;cc;cxx;def;odl;idl;hpj;bat;asm;asmx</Extensions>
    </Filter>
    <Filter Include="Archivos de origen\App">
      <UniqueIdentifier>{d7474384-4a7b-4f90-90a5-a797eadc5fb0}</UniqueIdentifier>
    </Filter>
    <Filter Include="Archivos de origen\Entities">
      <UniqueIdentifier>{a8ee1aea-5a45-41ea-af6e-ca43961dcb72}</UniqueIdentifier>
    </Filter>
    <Filter Include="Archivos de origen\Modules">
      <UniqueIdentifier>{21696953-6182-4910-92b3-b81b7a8e4caa}</UniqueIdentifier>
    </Filter>
    <Filter Include="Archivos de origen\Modules\Core">
      <UniqueIdentifier>{201e7b03-9483-4627-ac13-5a45e3144f0a}</UniqueIdentifier>
    </Filter>
    <Filter Include="Archivos de origen\Modules\Gameplay">
      <UniqueIdentifier>{aa1dfa9f-62f3-4213-adc2-0f49c7cfbff6}</UniqueIdentifier>
    </Filter>
    <Filter Include="Archivos de origen\Utils">
      <UniqueIdentifier>{e9a1f738-5a9d-419b-9c10-e825ea3fb74e}</UniqueIdentifier>
    </Filter>
  </ItemGroup>
  <ItemGroup>
    <ClCompile Include="Game.cpp">
      <Filter>Archivos de origen\App</Filter>
    </ClCompile>
    <ClCompile Include="Globals.cpp">
      <Filter>Archivos de origen\App</Filter>
    </ClCompile>
    <ClCompile Include="Module.cpp">
      <Filter>Archivos de origen\Modules</Filter>
    </ClCompile>
    <ClCompile Include="ModuleWindow.cpp">
      <Filter>Archivos de origen\Modules\Core</Filter>
    </ClCompile>
    <ClCompile Include="main.cpp">
      <Filter>Archivos de origen\App</Filter>
    </ClCompile>
    <ClCompile Include="ModuleRender.cpp">
      <Filter>Archivos de origen\Modules\Core</Filter>
    </ClCompile>
    <ClCompile Include="ModuleTextures.cpp">
      <Filter>Archivos de origen\Modules\Core</Filter>
    </ClCompile>
    <ClCompile Include="ModuleInput.cpp">
      <Filter>Archivos de origen\Modules\Core</Filter>
    </ClCompile>
    <ClCompile Include="ModuleLevelOne.cpp">
      <Filter>Archivos de origen\Modules\Gameplay</Filter>
    </ClCompile>
    <ClCompile Include="ModuleAudio.cpp">
      <Filter>Archivos de origen\Modules\Core</Filter>
    </ClCompile>
    <ClCompile Include="ModulePlayer.cpp">
      <Filter>Archivos de origen\Modules\Gameplay</Filter>
    </ClCompile>
  </ItemGroup>
  <ItemGroup>
    <ClInclude Include="Game.h">
      <Filter>Archivos de origen\App</Filter>
    </ClInclude>
    <ClInclude Include="Globals.h">
      <Filter>Archivos de origen\App</Filter>
    </ClInclude>
    <ClInclude Include="Module.h">
      <Filter>Archivos de origen\Modules</Filter>
    </ClInclude>
    <ClInclude Include="ModuleWindow.h">
      <Filter>Archivos de origen\Modules\Core</Filter>
    </ClInclude>
    <ClInclude Include="ModuleRender.h">
      <Filter>Archivos de origen\Modules\Core</Filter>
    </ClInclude>
    <ClInclude Include="ModuleTextures.h">
      <Filter>Archivos de origen\Modules\Core</Filter>
    </ClInclude>
    <ClInclude Include="ModuleInput.h">
      <Filter>Archivos de origen\Modules\Core</Filter>
    </ClInclude>
    <ClInclude Include="p2Point.h">
      <Filter>Archivos de origen\Utils</Filter>
    </ClInclude>
    <ClInclude Include="ModuleLevelOne.h">
      <Filter>Archivos de origen\Modules\Gameplay</Filter>
    </ClInclude>
    <ClInclude Include="ModuleAudio.h">
      <Filter>Archivos de origen\Modules\Core</Filter>
    </ClInclude>
    <ClInclude Include="ModulePlayer.h">
      <Filter>Archivos de origen\Modules\Gameplay</Filter>
    </ClInclude>
  </ItemGroup>
</Project>