<?xml version="1.0" encoding="utf-8"?>
<Project ToolsVersion="4.0" xmlns="http://schemas.microsoft.com/developer/msbuild/2003">
  <ItemGroup>
    <Filter Include="Archivos de origen">
      <UniqueIdentifier>{4FC737F1-C7A5-4376-A066-2A32D752A2FF}</UniqueIdentifier>
      <Extensions>cpp;c;cc;cxx;def;odl;idl;hpj;bat;asm;asmx</Extensions>
    </Filter>
    <Filter Include="Archivos de origen\App">
      <UniqueIdentifier>{d7474384-4a7b-4f90-90a5-a797eadc5fb0}</UniqueIdentifier>
    </Filter>
    <Filter Include="Archivos de origen\Entities">
      <UniqueIdentifier>{a8ee1aea-5a45-41ea-af6e-ca43961dcb72}</UniqueIdentifier>
    </Filter>
  </ItemGroup>
  <ItemGroup>
    <ClCompile Include="main.cpp">
      <Filter>Archivos de origen</Filter>
    </ClCompile>
    <ClCompile Include="Game.cpp">
      <Filter>Archivos de origen</Filter>
    </ClCompile>
    <ClCompile Include="Globals.cpp">
      <Filter>Archivos de origen</Filter>
    </ClCompile>
    <ClCompile Include="ModuleWindow.cpp">
      <Filter>Archivos de origen</Filter>
    </ClCompile>
    <ClCompile Include="Module.cpp">
      <Filter>Archivos de origen</Filter>
    </ClCompile>
  </ItemGroup>
  <ItemGroup>
    <ClInclude Include="Game.h">
      <Filter>Archivos de origen</Filter>
    </ClInclude>
    <ClInclude Include="Globals.h">
      <Filter>Archivos de origen</Filter>
    </ClInclude>
    <ClInclude Include="ModuleWindow.h">
      <Filter>Archivos de origen</Filter>
    </ClInclude>
    <ClInclude Include="Module.h">
      <Filter>Archivos de origen</Filter>
    </ClInclude>
  </ItemGroup>
</Project>